# THIS IS AN AUTOGENERATED FILE. DO NOT EDIT THIS FILE DIRECTLY.
# yarn lockfile v1


"@kinobi-so/errors@0.21.3":
  version "0.21.3"
  resolved "https://registry.npmjs.org/@kinobi-so/errors/-/errors-0.21.3.tgz"
  integrity sha512-vXgRsN0hfZzDBA056uKxEXEd1dxTymz1wNdkrGjwBVp2vffj3CqOUznGYYKrL5BjuptvugLqkYrBDNPXgjBEAg==
  dependencies:
    "@kinobi-so/node-types" "0.21.3"
    chalk "^5.3.0"
    commander "^12.1.0"

"@kinobi-so/node-types@0.21.3":
  version "0.21.3"
  resolved "https://registry.npmjs.org/@kinobi-so/node-types/-/node-types-0.21.3.tgz"
  integrity sha512-3F/XKTgxPWM8sHM+8OwMV9Lgbq67Asa9yzj5yTtm0vqr7j1ROb6GMNWdTv3ZuHEdMR/csjPOGY+MONDOkA29xQ==

"@kinobi-so/nodes-from-anchor@0.21.1", "@kinobi-so/nodes-from-anchor@^0.21.1":
  version "0.21.1"
  resolved "https://registry.npmjs.org/@kinobi-so/nodes-from-anchor/-/nodes-from-anchor-0.21.1.tgz"
  integrity sha512-yJimfb593+qSKAYr6KbmiWRU/hTT49PfBRw1DENW48DgAwCjOS+1nlQjmXV/dglGF7JmYBo3ZcEtu5nYUwr/Eg==
  dependencies:
    "@kinobi-so/errors" "0.21.3"
    "@kinobi-so/nodes" "0.21.3"
    "@kinobi-so/visitors" "0.21.3"
    "@noble/hashes" "^1.4.0"

"@kinobi-so/nodes@0.21.3":
  version "0.21.3"
  resolved "https://registry.npmjs.org/@kinobi-so/nodes/-/nodes-0.21.3.tgz"
  integrity sha512-LzT7k4nJCzv7mfTdha1ieSGWGdopXhslgjAGZNmMnJB/byDPiLa1pjWMdJ4bGrOTl6rOff21NeAe36nuB1S9MA==
  dependencies:
    "@kinobi-so/errors" "0.21.3"
    "@kinobi-so/node-types" "0.21.3"

"@kinobi-so/renderers-core@0.21.1":
  version "0.21.1"
  resolved "https://registry.npmjs.org/@kinobi-so/renderers-core/-/renderers-core-0.21.1.tgz"
  integrity sha512-dqSPwuAhrrhu4ECJNIJymHkKAfbU/c2HnLT0U/2V1+PwimQZgjW0nNSQTbbACw1NcvVZM/XFd459Z3e8axRJsQ==
  dependencies:
    "@kinobi-so/errors" "0.21.3"
    "@kinobi-so/nodes" "0.21.3"
    "@kinobi-so/visitors-core" "0.21.3"

"@kinobi-so/renderers-js-umi@0.21.5", "@kinobi-so/renderers-js-umi@^0.21.1":
  version "0.21.5"
  resolved "https://registry.npmjs.org/@kinobi-so/renderers-js-umi/-/renderers-js-umi-0.21.5.tgz"
  integrity sha512-kN4jIm86j6Umf/ephiX9SZDV4zUCVKr0hiUrSejnNvVTosOfm3s9nQq/GzCxSVNMRhkEehy6jahlJ3O2si6jJQ==
  dependencies:
    "@kinobi-so/errors" "0.21.3"
    "@kinobi-so/nodes" "0.21.3"
    "@kinobi-so/renderers-core" "0.21.1"
    "@kinobi-so/validators" "0.21.3"
    "@kinobi-so/visitors-core" "0.21.3"
    "@solana/codecs-strings" rc
    nunjucks "^3.2.4"
    prettier "^3.3.3"

"@kinobi-so/renderers-js@0.21.6":
  version "0.21.6"
  resolved "https://registry.npmjs.org/@kinobi-so/renderers-js/-/renderers-js-0.21.6.tgz"
  integrity sha512-B/Z7QE3bAxFdeO4JY/dD6wQmmkv7FZa8tn75CmNwc1B9/An+Z/AGqnqubf3op+SmpfKcCWJmToI0bXWAV4p9aA==
  dependencies:
    "@kinobi-so/errors" "0.21.3"
    "@kinobi-so/nodes" "0.21.3"
    "@kinobi-so/nodes-from-anchor" "0.21.1"
    "@kinobi-so/renderers-core" "0.21.1"
    "@kinobi-so/visitors-core" "0.21.3"
    "@solana/codecs-strings" rc
    nunjucks "^3.2.4"
    prettier "^3.3.3"

"@kinobi-so/renderers-rust@0.21.5", "@kinobi-so/renderers-rust@^0.21.1":
  version "0.21.5"
  resolved "https://registry.npmjs.org/@kinobi-so/renderers-rust/-/renderers-rust-0.21.5.tgz"
  integrity sha512-dLrfp1rMlVvS4ubrcbXgPbJ8P6kMU0AcokbZQxDSDCv/TKCTG+SaS0IROKmd5z+3cxgMdBUY74GETbPlaiwGFw==
  dependencies:
    "@kinobi-so/errors" "0.21.3"
    "@kinobi-so/nodes" "0.21.3"
    "@kinobi-so/renderers-core" "0.21.1"
    "@kinobi-so/visitors-core" "0.21.3"
    "@solana/codecs-strings" rc
    nunjucks "^3.2.4"

"@kinobi-so/renderers@^0.21.1":
  version "0.21.1"
  resolved "https://registry.npmjs.org/@kinobi-so/renderers/-/renderers-0.21.1.tgz"
  integrity sha512-x07ECGGf1hCXbvFa/cHfMrHgavhfsgcPypuxhgGzDirgjsn9CwxNA22cNK7QPz9gDKIyYVoxc09we7KWkTldcg==
  dependencies:
    "@kinobi-so/renderers-js" "0.21.6"
    "@kinobi-so/renderers-js-umi" "0.21.5"
    "@kinobi-so/renderers-rust" "0.21.5"

"@kinobi-so/validators@0.21.3":
  version "0.21.3"
  resolved "https://registry.npmjs.org/@kinobi-so/validators/-/validators-0.21.3.tgz"
  integrity sha512-4d/6zWxNH6j6DMM3V7Ry8ZnVMS93vRrSiD3ZTEZ+IQuQSMJUg7imeOK2tyq4eADbX2du16hYgVH1zj+eEqOdKw==
  dependencies:
    "@kinobi-so/errors" "0.21.3"
    "@kinobi-so/nodes" "0.21.3"
    "@kinobi-so/visitors-core" "0.21.3"

"@kinobi-so/visitors-core@0.21.3":
  version "0.21.3"
  resolved "https://registry.npmjs.org/@kinobi-so/visitors-core/-/visitors-core-0.21.3.tgz"
  integrity sha512-QvF7RzC9V+vIv8TE6DrQenf65swS/R+WmOeKDTsoZkY0fTfOt8qDCbv2tAM4q8EpvZHhx/4mDIKjWRPr+FRlAQ==
  dependencies:
    "@kinobi-so/errors" "0.21.3"
    "@kinobi-so/nodes" "0.21.3"
    json-stable-stringify "^1.1.1"

"@kinobi-so/visitors@0.21.3":
  version "0.21.3"
  resolved "https://registry.npmjs.org/@kinobi-so/visitors/-/visitors-0.21.3.tgz"
  integrity sha512-1KTFMLMMBkzIYhCDdFknc1LEMITbkMt0z4JIx62s+7jI/HBHr5cRP54+D0gvp04lq0x/JgKYdhGZnr0WiZ1tTg==
  dependencies:
    "@kinobi-so/errors" "0.21.3"
    "@kinobi-so/nodes" "0.21.3"
    "@kinobi-so/visitors-core" "0.21.3"

"@noble/hashes@^1.4.0":
  version "1.4.0"
  resolved "https://registry.npmjs.org/@noble/hashes/-/hashes-1.4.0.tgz"
  integrity sha512-V1JJ1WTRUqHHrOSh597hURcMqVKVGL/ea3kv0gSnEdsEZ0/+VyPghM1lMNGc00z7CIQorSvbKpuJkxvuHbvdbg==

"@solana/codecs-core@2.0.0-rc.1":
  version "2.0.0-rc.1"
  resolved "https://registry.npmjs.org/@solana/codecs-core/-/codecs-core-2.0.0-rc.1.tgz"
  integrity sha512-bauxqMfSs8EHD0JKESaNmNuNvkvHSuN3bbWAF5RjOfDu2PugxHrvRebmYauvSumZ3cTfQ4HJJX6PG5rN852qyQ==
  dependencies:
    "@solana/errors" "2.0.0-rc.1"

"@solana/codecs-numbers@2.0.0-rc.1":
  version "2.0.0-rc.1"
  resolved "https://registry.npmjs.org/@solana/codecs-numbers/-/codecs-numbers-2.0.0-rc.1.tgz"
  integrity sha512-J5i5mOkvukXn8E3Z7sGIPxsThRCgSdgTWJDQeZvucQ9PT6Y3HiVXJ0pcWiOWAoQ3RX8e/f4I3IC+wE6pZiJzDQ==
  dependencies:
    "@solana/codecs-core" "2.0.0-rc.1"
    "@solana/errors" "2.0.0-rc.1"

"@solana/codecs-strings@rc":
  version "2.0.0-rc.1"
  resolved "https://registry.npmjs.org/@solana/codecs-strings/-/codecs-strings-2.0.0-rc.1.tgz"
  integrity sha512-9/wPhw8TbGRTt6mHC4Zz1RqOnuPTqq1Nb4EyuvpZ39GW6O2t2Q7Q0XxiB3+BdoEjwA2XgPw6e2iRfvYgqty44g==
  dependencies:
    "@solana/codecs-core" "2.0.0-rc.1"
    "@solana/codecs-numbers" "2.0.0-rc.1"
    "@solana/errors" "2.0.0-rc.1"

"@solana/errors@2.0.0-rc.1":
  version "2.0.0-rc.1"
  resolved "https://registry.npmjs.org/@solana/errors/-/errors-2.0.0-rc.1.tgz"
  integrity sha512-ejNvQ2oJ7+bcFAYWj225lyRkHnixuAeb7RQCixm+5mH4n1IA4Qya/9Bmfy5RAAHQzxK43clu3kZmL5eF9VGtYQ==
  dependencies:
    chalk "^5.3.0"
    commander "^12.1.0"

a-sync-waterfall@^1.0.0:
  version "1.0.1"
  resolved "https://registry.npmjs.org/a-sync-waterfall/-/a-sync-waterfall-1.0.1.tgz"
  integrity sha512-RYTOHHdWipFUliRFMCS4X2Yn2X8M87V/OpSqWzKKOGhzqyUxzyVmhHDH9sAvG+ZuQf/TAOFsLCpMw09I1ufUnA==

asap@^2.0.3:
  version "2.0.6"
  resolved "https://registry.npmjs.org/asap/-/asap-2.0.6.tgz"
  integrity sha512-BSHWgDSAiKs50o2Re8ppvp3seVHXSRM44cdSsT9FfNEUUZLOGWVCsiWaRPWM1Znn+mqZ1OfVZ3z3DWEzSp7hRA==

call-bind@^1.0.5:
  version "1.0.7"
  resolved "https://registry.npmjs.org/call-bind/-/call-bind-1.0.7.tgz"
  integrity sha512-GHTSNSYICQ7scH7sZ+M2rFopRoLh8t2bLSW6BbgrtLsahOIB5iyAVJf9GjWK3cYTDaMj4XdBpM1cA6pIS0Kv2w==
  dependencies:
    es-define-property "^1.0.0"
    es-errors "^1.3.0"
    function-bind "^1.1.2"
    get-intrinsic "^1.2.4"
    set-function-length "^1.2.1"

chalk@^5.3.0:
  version "5.3.0"
  resolved "https://registry.npmjs.org/chalk/-/chalk-5.3.0.tgz"
  integrity sha512-dLitG79d+GV1Nb/VYcCDFivJeK1hiukt9QjRNVOsUtTy1rR1YJsmpGGTZ3qJos+uw7WmWF4wUwBd9jxjocFC2w==

commander@^12.1.0:
  version "12.1.0"
  resolved "https://registry.npmjs.org/commander/-/commander-12.1.0.tgz"
  integrity sha512-Vw8qHK3bZM9y/P10u3Vib8o/DdkvA2OtPtZvD871QKjy74Wj1WSKFILMPRPSdUSx5RFK1arlJzEtA4PkFgnbuA==

commander@^5.1.0:
  version "5.1.0"
  resolved "https://registry.npmjs.org/commander/-/commander-5.1.0.tgz"
  integrity sha512-P0CysNDQ7rtVw4QIQtm+MRxV66vKFSvlsQvGYXZWR3qFU0jlMKHZZZgw8e+8DSah4UDKMqnknRDQz+xuQXQ/Zg==

corepack@^0.29.3:
  version "0.29.3"
  resolved "https://registry.npmjs.org/corepack/-/corepack-0.29.3.tgz"
  integrity sha512-Weu+WZq04wGXykGZ7WtTilJU/OZsAXEM9ys6zW2uEQTLbyVOguQ2h1PkznKfULqVxXQH/LakALk7GmRNm8DXuw==

define-data-property@^1.1.4:
  version "1.1.4"
  resolved "https://registry.npmjs.org/define-data-property/-/define-data-property-1.1.4.tgz"
  integrity sha512-rBMvIzlpA8v6E+SJZoo++HAYqsLrkg7MSfIinMPFhmkorw7X+dOXVJQs+QT69zGkzMyfDnIMN2Wid1+NbL3T+A==
  dependencies:
    es-define-property "^1.0.0"
    es-errors "^1.3.0"
    gopd "^1.0.1"

es-define-property@^1.0.0:
  version "1.0.0"
  resolved "https://registry.npmjs.org/es-define-property/-/es-define-property-1.0.0.tgz"
  integrity sha512-jxayLKShrEqqzJ0eumQbVhTYQM27CfT1T35+gCgDFoL82JLsXqTJ76zv6A0YLOgEnLUMvLzsDsGIrl8NFpT2gQ==
  dependencies:
    get-intrinsic "^1.2.4"

es-errors@^1.3.0:
  version "1.3.0"
  resolved "https://registry.npmjs.org/es-errors/-/es-errors-1.3.0.tgz"
  integrity sha512-Zf5H2Kxt2xjTvbJvP2ZWLEICxA6j+hAmMzIlypy4xcBg1vKVnx89Wy0GbS+kf5cwCVFFzdCFh2XSCFNULS6csw==

function-bind@^1.1.2:
  version "1.1.2"
  resolved "https://registry.npmjs.org/function-bind/-/function-bind-1.1.2.tgz"
  integrity sha512-7XHNxH7qX9xG5mIwxkhumTox/MIRNcOgDrxWsMt2pAr23WHp6MrRlN7FBSFpCpr+oVO0F744iUgR82nJMfG2SA==

get-intrinsic@^1.1.3, get-intrinsic@^1.2.4:
  version "1.2.4"
  resolved "https://registry.npmjs.org/get-intrinsic/-/get-intrinsic-1.2.4.tgz"
  integrity sha512-5uYhsJH8VJBTv7oslg4BznJYhDoRI6waYCxMmCdnTrcCrHA/fCFKoTFz2JKKE0HdDFUF7/oQuhzumXJK7paBRQ==
  dependencies:
    es-errors "^1.3.0"
    function-bind "^1.1.2"
    has-proto "^1.0.1"
    has-symbols "^1.0.3"
    hasown "^2.0.0"

gopd@^1.0.1:
  version "1.0.1"
  resolved "https://registry.npmjs.org/gopd/-/gopd-1.0.1.tgz"
  integrity sha512-d65bNlIadxvpb/A2abVdlqKqV563juRnZ1Wtk6s1sIR8uNsXR70xqIzVqxVf1eTqDunwT2MkczEeaezCKTZhwA==
  dependencies:
    get-intrinsic "^1.1.3"

has-property-descriptors@^1.0.2:
  version "1.0.2"
  resolved "https://registry.npmjs.org/has-property-descriptors/-/has-property-descriptors-1.0.2.tgz"
  integrity sha512-55JNKuIW+vq4Ke1BjOTjM2YctQIvCT7GFzHwmfZPGo5wnrgkid0YQtnAleFSqumZm4az3n2BS+erby5ipJdgrg==
  dependencies:
    es-define-property "^1.0.0"

has-proto@^1.0.1:
  version "1.0.3"
  resolved "https://registry.npmjs.org/has-proto/-/has-proto-1.0.3.tgz"
  integrity sha512-SJ1amZAJUiZS+PhsVLf5tGydlaVB8EdFpaSO4gmiUKUOxk8qzn5AIy4ZeJUmh22znIdk/uMAUT2pl3FxzVUH+Q==

has-symbols@^1.0.3:
  version "1.0.3"
  resolved "https://registry.npmjs.org/has-symbols/-/has-symbols-1.0.3.tgz"
  integrity sha512-l3LCuF6MgDNwTDKkdYGEihYjt5pRPbEg46rtlmnSPlUbgmB8LOIrKJbYYFBSbnPaJexMKtiPO8hmeRjRz2Td+A==

hasown@^2.0.0:
  version "2.0.2"
  resolved "https://registry.npmjs.org/hasown/-/hasown-2.0.2.tgz"
  integrity sha512-0hJU9SCPvmMzIBdZFqNPXWa6dqh7WdH0cII9y+CyS8rG3nL48Bclra9HmKhVVUHyPWNH5Y7xDwAB7bfgSjkUMQ==
  dependencies:
    function-bind "^1.1.2"

isarray@^2.0.5:
  version "2.0.5"
  resolved "https://registry.npmjs.org/isarray/-/isarray-2.0.5.tgz"
  integrity sha512-xHjhDr3cNBK0BzdUJSPXZntQUx/mwMS5Rw4A7lPJ90XGAO6ISP/ePDNuo0vhqOZU+UD5JoodwCAAoZQd3FeAKw==

json-stable-stringify@^1.1.1:
  version "1.1.1"
  resolved "https://registry.npmjs.org/json-stable-stringify/-/json-stable-stringify-1.1.1.tgz"
  integrity sha512-SU/971Kt5qVQfJpyDveVhQ/vya+5hvrjClFOcr8c0Fq5aODJjMwutrOfCU+eCnVD5gpx1Q3fEqkyom77zH1iIg==
  dependencies:
    call-bind "^1.0.5"
    isarray "^2.0.5"
    jsonify "^0.0.1"
    object-keys "^1.1.1"

jsonify@^0.0.1:
  version "0.0.1"
  resolved "https://registry.npmjs.org/jsonify/-/jsonify-0.0.1.tgz"
  integrity sha512-2/Ki0GcmuqSrgFyelQq9M05y7PS0mEwuIzrf3f1fPqkVDVRvZrPZtVSMHxdgo8Aq0sxAOb/cr2aqqA3LeWHVPg==

kinobi@^0.21.1:
  version "0.21.3"
  resolved "https://registry.npmjs.org/kinobi/-/kinobi-0.21.3.tgz"
  integrity sha512-1/Cd8GZ50S2/s8DdiDuow/gBLcpnWJF7jpwNrCcofnpwqDl6d+CbJgSwzdnkhJthGxkCXGpqvoSKud0QedCKfg==
  dependencies:
    "@kinobi-so/errors" "0.21.3"
    "@kinobi-so/nodes" "0.21.3"
    "@kinobi-so/validators" "0.21.3"
    "@kinobi-so/visitors" "0.21.3"

nunjucks@^3.2.4:
  version "3.2.4"
  resolved "https://registry.npmjs.org/nunjucks/-/nunjucks-3.2.4.tgz"
  integrity sha512-26XRV6BhkgK0VOxfbU5cQI+ICFUtMLixv1noZn1tGU38kQH5A5nmmbk/O45xdyBhD1esk47nKrY0mvQpZIhRjQ==
  dependencies:
    a-sync-waterfall "^1.0.0"
    asap "^2.0.3"
    commander "^5.1.0"

object-keys@^1.1.1:
  version "1.1.1"
  resolved "https://registry.npmjs.org/object-keys/-/object-keys-1.1.1.tgz"
  integrity sha512-NuAESUOUMrlIXOfHKzD6bpPu3tYt3xvjNdRIQ+FeT0lNb4K8WR70CaDxhuNguS2XG+GjkyMwOzsN5ZktImfhLA==

prettier@^3.3.3:
  version "3.3.3"
  resolved "https://registry.npmjs.org/prettier/-/prettier-3.3.3.tgz"
  integrity sha512-i2tDNA0O5IrMO757lfrdQZCc2jPNDVntV0m/+4whiDfWaTKfMNgR7Qz0NAeGz/nRqF4m5/6CLzbP4/liHt12Ew==

set-function-length@^1.2.1:
  version "1.2.2"
  resolved "https://registry.npmjs.org/set-function-length/-/set-function-length-1.2.2.tgz"
  integrity sha512-pgRc4hJ4/sNjWCSS9AmnS40x3bNMDTknHgL5UaMBTMyJnU90EgWh1Rz+MC9eFu4BuN/UwZjKQuY/1v3rM7HMfg==
  dependencies:
    define-data-property "^1.1.4"
    es-errors "^1.3.0"
    function-bind "^1.1.2"
    get-intrinsic "^1.2.4"
    gopd "^1.0.1"
    has-property-descriptors "^1.0.2"

yarn@^1.22.22:
  version "1.22.22"
  resolved "https://registry.npmjs.org/yarn/-/yarn-1.22.22.tgz"
  integrity sha512-prL3kGtyG7o9Z9Sv8IPfBNrWTDmXB4Qbes8A9rEzt6wkJV8mUvoirjU0Mp3GGAU06Y0XQyA3/2/RQFVuK7MTfg==
