# This file is generated by running "yarn install" inside your project.
# Manual changes might be lost - proceed with caution!

__metadata:
  version: 8
  cacheKey: 10c0

"@kinobi-so/errors@npm:0.21.3":
  version: 0.21.3
  resolution: "@kinobi-so/errors@npm:0.21.3"
  dependencies:
    "@kinobi-so/node-types": "npm:0.21.3"
    chalk: "npm:^5.3.0"
    commander: "npm:^12.1.0"
  bin:
    errors: bin/cli.mjs
  checksum: 10c0/20bee010dd1fa01e46470426eab77da7fbf492d36f5895fc4499d8b8d4f9f41eb5be5686f987fe291d7712c8936404cbd4933357661d4faabb9dd119c761dccc
  languageName: node
  linkType: hard

"@kinobi-so/node-types@npm:0.21.3":
  version: 0.21.3
  resolution: "@kinobi-so/node-types@npm:0.21.3"
  checksum: 10c0/ee44d1667d6a74d74872efb0c14bf6e1e73fcde883c8ef1220bf2b99db61fd05d713a2fc466e50a3162186c7c7a1e9eceb65906c007464f869d826d87406b77e
  languageName: node
  linkType: hard

"@kinobi-so/nodes-from-anchor@npm:0.21.1, @kinobi-so/nodes-from-anchor@npm:^0.21.1":
  version: 0.21.1
  resolution: "@kinobi-so/nodes-from-anchor@npm:0.21.1"
  dependencies:
    "@kinobi-so/errors": "npm:0.21.3"
    "@kinobi-so/nodes": "npm:0.21.3"
    "@kinobi-so/visitors": "npm:0.21.3"
    "@noble/hashes": "npm:^1.4.0"
  checksum: 10c0/6d59a93c9dadb83467177f726c3e031c72f3eeda61cdae4011443aa165e5ad2cfd67493c0acd2a5a12ad3683d6ecdf1b766a2522dd7001b824daba8774bf21e5
  languageName: node
  linkType: hard

"@kinobi-so/nodes@npm:0.21.3":
  version: 0.21.3
  resolution: "@kinobi-so/nodes@npm:0.21.3"
  dependencies:
    "@kinobi-so/errors": "npm:0.21.3"
    "@kinobi-so/node-types": "npm:0.21.3"
  checksum: 10c0/a8710328232762a4d7167d35d444ab298eefaad4bfdfece235be7ab5ad17eb8f3354b631b27f5117da0a61e8c8f5729b8666b54004118bb1e0b11fa20e1ba66e
  languageName: node
  linkType: hard

"@kinobi-so/renderers-core@npm:0.21.1":
  version: 0.21.1
  resolution: "@kinobi-so/renderers-core@npm:0.21.1"
  dependencies:
    "@kinobi-so/errors": "npm:0.21.3"
    "@kinobi-so/nodes": "npm:0.21.3"
    "@kinobi-so/visitors-core": "npm:0.21.3"
  checksum: 10c0/587e3efa459b4964aa200c4a6586d2cd44ffe806b375fcd245785983618bbb4e15cb9c363116201f9c555181aaca5c60fc282cc52cb2722fc0043326efd8c437
  languageName: node
  linkType: hard

"@kinobi-so/renderers-js-umi@npm:0.21.5, @kinobi-so/renderers-js-umi@npm:^0.21.1":
  version: 0.21.5
  resolution: "@kinobi-so/renderers-js-umi@npm:0.21.5"
  dependencies:
    "@kinobi-so/errors": "npm:0.21.3"
    "@kinobi-so/nodes": "npm:0.21.3"
    "@kinobi-so/renderers-core": "npm:0.21.1"
    "@kinobi-so/validators": "npm:0.21.3"
    "@kinobi-so/visitors-core": "npm:0.21.3"
    "@solana/codecs-strings": "npm:rc"
    nunjucks: "npm:^3.2.4"
    prettier: "npm:^3.3.3"
  checksum: 10c0/891db89083a56eb2db72c4dc280607c0e62614b7992ced46261623c8376958098e9d953517b36b5c8c2cd0265071462c85ccf7b59eb1deafec7dd57007a30bb5
  languageName: node
  linkType: hard

"@kinobi-so/renderers-js@npm:0.21.6":
  version: 0.21.6
  resolution: "@kinobi-so/renderers-js@npm:0.21.6"
  dependencies:
    "@kinobi-so/errors": "npm:0.21.3"
    "@kinobi-so/nodes": "npm:0.21.3"
    "@kinobi-so/nodes-from-anchor": "npm:0.21.1"
    "@kinobi-so/renderers-core": "npm:0.21.1"
    "@kinobi-so/visitors-core": "npm:0.21.3"
    "@solana/codecs-strings": "npm:rc"
    nunjucks: "npm:^3.2.4"
    prettier: "npm:^3.3.3"
  checksum: 10c0/54e5cea8db8a3051c38acbdaf9ab1894293f75959890954494aa4bc4df68ec246adb197589fd14b697f05fc5fe1f7ac3fd04462c82611e4ef79a6e627a6fb05a
  languageName: node
  linkType: hard

"@kinobi-so/renderers-rust@npm:0.21.5, @kinobi-so/renderers-rust@npm:^0.21.1":
  version: 0.21.5
  resolution: "@kinobi-so/renderers-rust@npm:0.21.5"
  dependencies:
    "@kinobi-so/errors": "npm:0.21.3"
    "@kinobi-so/nodes": "npm:0.21.3"
    "@kinobi-so/renderers-core": "npm:0.21.1"
    "@kinobi-so/visitors-core": "npm:0.21.3"
    "@solana/codecs-strings": "npm:rc"
    nunjucks: "npm:^3.2.4"
  checksum: 10c0/28bc667652d8d9522cde02974a3d7e23eba6bedd6172147a5cedcc2ba4d43f54301b4e04dd90a5a64fbea6292efd3507f5190899b68d02e87e96e1821beb32a8
  languageName: node
  linkType: hard

"@kinobi-so/renderers@npm:^0.21.1":
  version: 0.21.1
  resolution: "@kinobi-so/renderers@npm:0.21.1"
  dependencies:
    "@kinobi-so/renderers-js": "npm:0.21.6"
    "@kinobi-so/renderers-js-umi": "npm:0.21.5"
    "@kinobi-so/renderers-rust": "npm:0.21.5"
  checksum: 10c0/aa0537d55230ee52aeb870b5ae281b22b09656d4108289892c70ec2903a3cb5bbdf2bdbdb90fb493ac55c2e57357bbfacbc23ad4af5063fcd5ef0a5201d9db27
  languageName: node
  linkType: hard

"@kinobi-so/validators@npm:0.21.3":
  version: 0.21.3
  resolution: "@kinobi-so/validators@npm:0.21.3"
  dependencies:
    "@kinobi-so/errors": "npm:0.21.3"
    "@kinobi-so/nodes": "npm:0.21.3"
    "@kinobi-so/visitors-core": "npm:0.21.3"
  checksum: 10c0/067d4eb365bea5072ee7e246e2e67574562bc4eeb066f1fa34f945cc006b6a1bd587e34ff289e4127ea6e2010e7a1c1ebfc036faf0baa7bc7785c8b8b638a895
  languageName: node
  linkType: hard

"@kinobi-so/visitors-core@npm:0.21.3":
  version: 0.21.3
  resolution: "@kinobi-so/visitors-core@npm:0.21.3"
  dependencies:
    "@kinobi-so/errors": "npm:0.21.3"
    "@kinobi-so/nodes": "npm:0.21.3"
    json-stable-stringify: "npm:^1.1.1"
  checksum: 10c0/ec4b6538b17b0263a381019101f38de3d8b637668674135192d19ac7f909e9c01a3992668393a50077778887f1c01054734ce0affbafb3e577ccbf9a0aac4bbc
  languageName: node
  linkType: hard

"@kinobi-so/visitors@npm:0.21.3":
  version: 0.21.3
  resolution: "@kinobi-so/visitors@npm:0.21.3"
  dependencies:
    "@kinobi-so/errors": "npm:0.21.3"
    "@kinobi-so/nodes": "npm:0.21.3"
    "@kinobi-so/visitors-core": "npm:0.21.3"
  checksum: 10c0/6d2ed0a16b3683f4889c6f618d97ab52a9d5e3d954e91edbc6095823bf613f8d6d7fac86df9c385fcd746418e243b5579552ae3b027a120102cd49dc8f0967ac
  languageName: node
  linkType: hard

"@noble/hashes@npm:^1.4.0":
  version: 1.4.0
  resolution: "@noble/hashes@npm:1.4.0"
  checksum: 10c0/8c3f005ee72e7b8f9cff756dfae1241485187254e3f743873e22073d63906863df5d4f13d441b7530ea614b7a093f0d889309f28b59850f33b66cb26a779a4a5
  languageName: node
  linkType: hard

"@solana/codecs-core@npm:2.0.0-rc.1":
  version: 2.0.0-rc.1
  resolution: "@solana/codecs-core@npm:2.0.0-rc.1"
  dependencies:
    "@solana/errors": "npm:2.0.0-rc.1"
  peerDependencies:
    typescript: ">=5"
  checksum: 10c0/3b1fd09727bf850d191292b14e1afb64cda4e57f898c06483f40d0402c4f07f1d4df555f028f664701e647834c74924818857443666d039f4e44c8c01f31f427
  languageName: node
  linkType: hard

"@solana/codecs-numbers@npm:2.0.0-rc.1":
  version: 2.0.0-rc.1
  resolution: "@solana/codecs-numbers@npm:2.0.0-rc.1"
  dependencies:
    "@solana/codecs-core": "npm:2.0.0-rc.1"
    "@solana/errors": "npm:2.0.0-rc.1"
  peerDependencies:
    typescript: ">=5"
  checksum: 10c0/baf888bbd9c9ed2420207329c735def60a2b3d94d4a0dd1a92703f4de165a96dfd5b66e4fe954d6a7fae12b6b95c41da500499f100b6d5cfad6420d4bfe71b50
  languageName: node
  linkType: hard

"@solana/codecs-strings@npm:rc":
  version: 2.0.0-rc.1
  resolution: "@solana/codecs-strings@npm:2.0.0-rc.1"
  dependencies:
    "@solana/codecs-core": "npm:2.0.0-rc.1"
    "@solana/codecs-numbers": "npm:2.0.0-rc.1"
    "@solana/errors": "npm:2.0.0-rc.1"
  peerDependencies:
    fastestsmallesttextencoderdecoder: ^1.0.22
    typescript: ">=5"
  checksum: 10c0/7f3483407de7e324075a85f2f8c91103021d6b8f38cfd4cf78603cbd7b00ea8b828a0cb9b61fb2b0db6d3e733fdf358006de23278cf3b103af1f1de4f3f66233
  languageName: node
  linkType: hard

"@solana/errors@npm:2.0.0-rc.1":
  version: 2.0.0-rc.1
  resolution: "@solana/errors@npm:2.0.0-rc.1"
  dependencies:
    chalk: "npm:^5.3.0"
    commander: "npm:^12.1.0"
  peerDependencies:
    typescript: ">=5"
  bin:
    errors: bin/cli.mjs
  checksum: 10c0/26b9edb43b4ba86b36aefb020a6e47706554ce57a95a357a55879c570ffd000417b1d9567b94120d114dfd38051e8362c18ee082b58cc34690c4c00f1040423c
  languageName: node
  linkType: hard

"a-sync-waterfall@npm:^1.0.0":
  version: 1.0.1
  resolution: "a-sync-waterfall@npm:1.0.1"
  checksum: 10c0/1c7b258da2c77eb1447dcc683afb10ca3dc8880de990562ccbb7b282538aba01e910345ce9e8500c1458272c7866b85fcfa5ca8159e33550b011ab5c586ec5a4
  languageName: node
  linkType: hard

"asap@npm:^2.0.3":
  version: 2.0.6
  resolution: "asap@npm:2.0.6"
  checksum: 10c0/c6d5e39fe1f15e4b87677460bd66b66050cd14c772269cee6688824c1410a08ab20254bb6784f9afb75af9144a9f9a7692d49547f4d19d715aeb7c0318f3136d
  languageName: node
  linkType: hard

"call-bind@npm:^1.0.5":
  version: 1.0.7
  resolution: "call-bind@npm:1.0.7"
  dependencies:
    es-define-property: "npm:^1.0.0"
    es-errors: "npm:^1.3.0"
    function-bind: "npm:^1.1.2"
    get-intrinsic: "npm:^1.2.4"
    set-function-length: "npm:^1.2.1"
  checksum: 10c0/a3ded2e423b8e2a265983dba81c27e125b48eefb2655e7dfab6be597088da3d47c47976c24bc51b8fd9af1061f8f87b4ab78a314f3c77784b2ae2ba535ad8b8d
  languageName: node
  linkType: hard

"chalk@npm:^5.3.0":
  version: 5.3.0
  resolution: "chalk@npm:5.3.0"
  checksum: 10c0/8297d436b2c0f95801103ff2ef67268d362021b8210daf8ddbe349695333eb3610a71122172ff3b0272f1ef2cf7cc2c41fdaa4715f52e49ffe04c56340feed09
  languageName: node
  linkType: hard

"commander@npm:^12.1.0":
  version: 12.1.0
  resolution: "commander@npm:12.1.0"
  checksum: 10c0/6e1996680c083b3b897bfc1cfe1c58dfbcd9842fd43e1aaf8a795fbc237f65efcc860a3ef457b318e73f29a4f4a28f6403c3d653d021d960e4632dd45bde54a9
  languageName: node
  linkType: hard

"commander@npm:^5.1.0":
  version: 5.1.0
  resolution: "commander@npm:5.1.0"
  checksum: 10c0/da9d71dbe4ce039faf1fe9eac3771dca8c11d66963341f62602f7b66e36d2a3f8883407af4f9a37b1db1a55c59c0c1325f186425764c2e963dc1d67aec2a4b6d
  languageName: node
  linkType: hard

"define-data-property@npm:^1.1.4":
  version: 1.1.4
  resolution: "define-data-property@npm:1.1.4"
  dependencies:
    es-define-property: "npm:^1.0.0"
    es-errors: "npm:^1.3.0"
    gopd: "npm:^1.0.1"
  checksum: 10c0/dea0606d1483eb9db8d930d4eac62ca0fa16738b0b3e07046cddfacf7d8c868bbe13fa0cb263eb91c7d0d527960dc3f2f2471a69ed7816210307f6744fe62e37
  languageName: node
  linkType: hard

"es-define-property@npm:^1.0.0":
  version: 1.0.0
  resolution: "es-define-property@npm:1.0.0"
  dependencies:
    get-intrinsic: "npm:^1.2.4"
  checksum: 10c0/6bf3191feb7ea2ebda48b577f69bdfac7a2b3c9bcf97307f55fd6ef1bbca0b49f0c219a935aca506c993d8c5d8bddd937766cb760cd5e5a1071351f2df9f9aa4
  languageName: node
  linkType: hard

"es-errors@npm:^1.3.0":
  version: 1.3.0
  resolution: "es-errors@npm:1.3.0"
  checksum: 10c0/0a61325670072f98d8ae3b914edab3559b6caa980f08054a3b872052640d91da01d38df55df797fcc916389d77fc92b8d5906cf028f4db46d7e3003abecbca85
  languageName: node
  linkType: hard

"function-bind@npm:^1.1.2":
  version: 1.1.2
  resolution: "function-bind@npm:1.1.2"
  checksum: 10c0/d8680ee1e5fcd4c197e4ac33b2b4dce03c71f4d91717292785703db200f5c21f977c568d28061226f9b5900cbcd2c84463646134fd5337e7925e0942bc3f46d5
  languageName: node
  linkType: hard

"get-intrinsic@npm:^1.1.3, get-intrinsic@npm:^1.2.4":
  version: 1.2.4
  resolution: "get-intrinsic@npm:1.2.4"
  dependencies:
    es-errors: "npm:^1.3.0"
    function-bind: "npm:^1.1.2"
    has-proto: "npm:^1.0.1"
    has-symbols: "npm:^1.0.3"
    hasown: "npm:^2.0.0"
  checksum: 10c0/0a9b82c16696ed6da5e39b1267104475c47e3a9bdbe8b509dfe1710946e38a87be70d759f4bb3cda042d76a41ef47fe769660f3b7c0d1f68750299344ffb15b7
  languageName: node
  linkType: hard

"gopd@npm:^1.0.1":
  version: 1.0.1
  resolution: "gopd@npm:1.0.1"
  dependencies:
    get-intrinsic: "npm:^1.1.3"
  checksum: 10c0/505c05487f7944c552cee72087bf1567debb470d4355b1335f2c262d218ebbff805cd3715448fe29b4b380bae6912561d0467233e4165830efd28da241418c63
  languageName: node
  linkType: hard

"has-property-descriptors@npm:^1.0.2":
  version: 1.0.2
  resolution: "has-property-descriptors@npm:1.0.2"
  dependencies:
    es-define-property: "npm:^1.0.0"
  checksum: 10c0/253c1f59e80bb476cf0dde8ff5284505d90c3bdb762983c3514d36414290475fe3fd6f574929d84de2a8eec00d35cf07cb6776205ff32efd7c50719125f00236
  languageName: node
  linkType: hard

"has-proto@npm:^1.0.1":
  version: 1.0.3
  resolution: "has-proto@npm:1.0.3"
  checksum: 10c0/35a6989f81e9f8022c2f4027f8b48a552de714938765d019dbea6bb547bd49ce5010a3c7c32ec6ddac6e48fc546166a3583b128f5a7add8b058a6d8b4afec205
  languageName: node
  linkType: hard

"has-symbols@npm:^1.0.3":
  version: 1.0.3
  resolution: "has-symbols@npm:1.0.3"
  checksum: 10c0/e6922b4345a3f37069cdfe8600febbca791c94988c01af3394d86ca3360b4b93928bbf395859158f88099cb10b19d98e3bbab7c9ff2c1bd09cf665ee90afa2c3
  languageName: node
  linkType: hard

"hasown@npm:^2.0.0":
  version: 2.0.2
  resolution: "hasown@npm:2.0.2"
  dependencies:
    function-bind: "npm:^1.1.2"
  checksum: 10c0/3769d434703b8ac66b209a4cca0737519925bbdb61dd887f93a16372b14694c63ff4e797686d87c90f08168e81082248b9b028bad60d4da9e0d1148766f56eb9
  languageName: node
  linkType: hard

"isarray@npm:^2.0.5":
  version: 2.0.5
  resolution: "isarray@npm:2.0.5"
  checksum: 10c0/4199f14a7a13da2177c66c31080008b7124331956f47bca57dd0b6ea9f11687aa25e565a2c7a2b519bc86988d10398e3049a1f5df13c9f6b7664154690ae79fd
  languageName: node
  linkType: hard

"jito-restaking@workspace:.":
  version: 0.0.0-use.local
  resolution: "jito-restaking@workspace:."
  dependencies:
    "@kinobi-so/nodes-from-anchor": "npm:^0.21.1"
    "@kinobi-so/renderers": "npm:^0.21.1"
    "@kinobi-so/renderers-js-umi": "npm:^0.21.1"
    "@kinobi-so/renderers-rust": "npm:^0.21.1"
    kinobi: "npm:^0.21.1"
  languageName: unknown
  linkType: soft

"json-stable-stringify@npm:^1.1.1":
  version: 1.1.1
  resolution: "json-stable-stringify@npm:1.1.1"
  dependencies:
    call-bind: "npm:^1.0.5"
    isarray: "npm:^2.0.5"
    jsonify: "npm:^0.0.1"
    object-keys: "npm:^1.1.1"
  checksum: 10c0/3801e3eeccbd030afb970f54bea690a079cfea7d9ed206a1b17ca9367f4b7772c764bf77a48f03e56b50e5f7ee7d11c52339fe20d8d7ccead003e4ca69e4cfde
  languageName: node
  linkType: hard

"jsonify@npm:^0.0.1":
  version: 0.0.1
  resolution: "jsonify@npm:0.0.1"
  checksum: 10c0/7f5499cdd59a0967ed35bda48b7cec43d850bbc8fb955cdd3a1717bb0efadbe300724d5646de765bb7a99fc1c3ab06eb80d93503c6faaf99b4ff50a3326692f6
  languageName: node
  linkType: hard

"kinobi@npm:^0.21.1":
  version: 0.21.3
  resolution: "kinobi@npm:0.21.3"
  dependencies:
    "@kinobi-so/errors": "npm:0.21.3"
    "@kinobi-so/nodes": "npm:0.21.3"
    "@kinobi-so/validators": "npm:0.21.3"
    "@kinobi-so/visitors": "npm:0.21.3"
  checksum: 10c0/36acf9ec99ba8b110205a4b7110c906ae0ffe653f8abd6209bc0e1d38ca2990b371a7a38c43d53ddbf181f8370eb9b29608e9c241cab7f56b5b52ebca54d68d5
  languageName: node
  linkType: hard

"nunjucks@npm:^3.2.4":
  version: 3.2.4
  resolution: "nunjucks@npm:3.2.4"
  dependencies:
    a-sync-waterfall: "npm:^1.0.0"
    asap: "npm:^2.0.3"
    commander: "npm:^5.1.0"
  peerDependencies:
    chokidar: ^3.3.0
  peerDependenciesMeta:
    chokidar:
      optional: true
  bin:
    nunjucks-precompile: bin/precompile
  checksum: 10c0/7fe5197559b7c09972c79e2a86f9c093459b9075bc9b41134cd2bc599ae93567b53bd09d472a748edc736192d9ccd2998aa8c20cfcbe6a3fffd281f91897c888
  languageName: node
  linkType: hard

"object-keys@npm:^1.1.1":
  version: 1.1.1
  resolution: "object-keys@npm:1.1.1"
  checksum: 10c0/b11f7ccdbc6d406d1f186cdadb9d54738e347b2692a14439ca5ac70c225fa6db46db809711b78589866d47b25fc3e8dee0b4c722ac751e11180f9380e3d8601d
  languageName: node
  linkType: hard

"prettier@npm:^3.3.3":
  version: 3.3.3
  resolution: "prettier@npm:3.3.3"
  bin:
    prettier: bin/prettier.cjs
  checksum: 10c0/b85828b08e7505716324e4245549b9205c0cacb25342a030ba8885aba2039a115dbcf75a0b7ca3b37bc9d101ee61fab8113fc69ca3359f2a226f1ecc07ad2e26
  languageName: node
  linkType: hard

"set-function-length@npm:^1.2.1":
  version: 1.2.2
  resolution: "set-function-length@npm:1.2.2"
  dependencies:
    define-data-property: "npm:^1.1.4"
    es-errors: "npm:^1.3.0"
    function-bind: "npm:^1.1.2"
    get-intrinsic: "npm:^1.2.4"
    gopd: "npm:^1.0.1"
    has-property-descriptors: "npm:^1.0.2"
  checksum: 10c0/82850e62f412a258b71e123d4ed3873fa9377c216809551192bb6769329340176f109c2eeae8c22a8d386c76739855f78e8716515c818bcaef384b51110f0f3c
  languageName: node
  linkType: hard
